
Microsoft Visual Studio Solution File, Format Version 12.00
# Visual Studio Version 16
VisualStudioVersion = 16.0.31624.102
MinimumVisualStudioVersion = 10.0.40219.1
Project("{9A19103F-16F7-4668-BE54-9A1E7A4F7556}") = "typeconversions", "typeconversions.csproj", "{A96E22D5-0E09-4544-B0F4-AD9AB401ABB2}"
EndProject
Project("{FAE04EC0-301F-11D3-BF4B-00C04F79EFBC}") = "Ders3-if-else", "..\Ders3-if-else\Ders3-if-else.csproj", "{FCBC7E31-08FA-4DC0-B907-CDC29B99CF58}"
EndProject
Global
	GlobalSection(SolutionConfigurationPlatforms) = preSolution
		Debug|Any CPU = Debug|Any CPU
		Release|Any CPU = Release|Any CPU
	EndGlobalSection
	GlobalSection(ProjectConfigurationPlatforms) = postSolution
		{A96E22D5-0E09-4544-B0F4-AD9AB401ABB2}.Debug|Any CPU.ActiveCfg = Debug|Any CPU
		{A96E22D5-0E09-4544-B0F4-AD9AB401ABB2}.Debug|Any CPU.Build.0 = Debug|Any CPU
		{A96E22D5-0E09-4544-B0F4-AD9AB401ABB2}.Release|Any CPU.ActiveCfg = Release|Any CPU
		{A96E22D5-0E09-4544-B0F4-AD9AB401ABB2}.Release|Any CPU.Build.0 = Release|Any CPU
		{FCBC7E31-08FA-4DC0-B907-CDC29B99CF58}.Debug|Any CPU.ActiveCfg = Debug|Any CPU
		{FCBC7E31-08FA-4DC0-B907-CDC29B99CF58}.Debug|Any CPU.Build.0 = Debug|Any CPU
		{FCBC7E31-08FA-4DC0-B907-CDC29B99CF58}.Release|Any CPU.ActiveCfg = Release|Any CPU
		{FCBC7E31-08FA-4DC0-B907-CDC29B99CF58}.Release|Any CPU.Build.0 = Release|Any CPU
	EndGlobalSection
	GlobalSection(SolutionProperties) = preSolution
		HideSolutionNode = FALSE
	EndGlobalSection
	GlobalSection(ExtensibilityGlobals) = postSolution
		SolutionGuid = {F0558760-18C7-46AA-B754-83B1CFD36ABB}
	EndGlobalSection
EndGlobal
