
Microsoft Visual Studio Solution File, Format Version 12.00
# Visual Studio Version 16
VisualStudioVersion = 16.0.31624.102
MinimumVisualStudioVersion = 10.0.40219.1
Project("{9A19103F-16F7-4668-BE54-9A1E7A4F7556}") = "Ders1", "Ders1.csproj", "{98A1DAFC-DB48-4549-B10C-333A584A77F4}"
EndProject
Project("{9A19103F-16F7-4668-BE54-9A1E7A4F7556}") = "Operators", "..\Operators\Operators.csproj", "{2F110450-1B76-47B9-9C6A-249440F8065E}"
EndProject
Project("{FAE04EC0-301F-11D3-BF4B-00C04F79EFBC}") = "typeconversions", "..\typeconversions\typeconversions.csproj", "{72B6781F-AC8B-462F-8429-51196AB4A0B8}"
EndProject
Global
	GlobalSection(SolutionConfigurationPlatforms) = preSolution
		Debug|Any CPU = Debug|Any CPU
		Release|Any CPU = Release|Any CPU
	EndGlobalSection
	GlobalSection(ProjectConfigurationPlatforms) = postSolution
		{98A1DAFC-DB48-4549-B10C-333A584A77F4}.Debug|Any CPU.ActiveCfg = Debug|Any CPU
		{98A1DAFC-DB48-4549-B10C-333A584A77F4}.Debug|Any CPU.Build.0 = Debug|Any CPU
		{98A1DAFC-DB48-4549-B10C-333A584A77F4}.Release|Any CPU.ActiveCfg = Release|Any CPU
		{98A1DAFC-DB48-4549-B10C-333A584A77F4}.Release|Any CPU.Build.0 = Release|Any CPU
		{2F110450-1B76-47B9-9C6A-249440F8065E}.Debug|Any CPU.ActiveCfg = Debug|Any CPU
		{2F110450-1B76-47B9-9C6A-249440F8065E}.Debug|Any CPU.Build.0 = Debug|Any CPU
		{2F110450-1B76-47B9-9C6A-249440F8065E}.Release|Any CPU.ActiveCfg = Release|Any CPU
		{2F110450-1B76-47B9-9C6A-249440F8065E}.Release|Any CPU.Build.0 = Release|Any CPU
		{72B6781F-AC8B-462F-8429-51196AB4A0B8}.Debug|Any CPU.ActiveCfg = Debug|Any CPU
		{72B6781F-AC8B-462F-8429-51196AB4A0B8}.Debug|Any CPU.Build.0 = Debug|Any CPU
		{72B6781F-AC8B-462F-8429-51196AB4A0B8}.Release|Any CPU.ActiveCfg = Release|Any CPU
		{72B6781F-AC8B-462F-8429-51196AB4A0B8}.Release|Any CPU.Build.0 = Release|Any CPU
	EndGlobalSection
	GlobalSection(SolutionProperties) = preSolution
		HideSolutionNode = FALSE
	EndGlobalSection
	GlobalSection(ExtensibilityGlobals) = postSolution
		SolutionGuid = {BB9A5DFF-7FA6-45E0-B728-7A6048AD6242}
	EndGlobalSection
EndGlobal
